
Microsoft Visual Studio Solution File, Format Version 12.00
# Visual Studio 15
Project("{FAE04EC0-301F-11D3-BF4B-00C04F79EFBC}") = "TempAtlas.iOS", "TempAtlas.iOS\TempAtlas.iOS.csproj", "{C7B018B8-44E8-4271-AB01-331A4320FC99}"
EndProject
Project("{FAE04EC0-301F-11D3-BF4B-00C04F79EFBC}") = "TempAtlas", "TempAtlas\TempAtlas.csproj", "{5F982793-CC41-429F-A27B-520DE23755D6}"
EndProject
Project("{FAE04EC0-301F-11D3-BF4B-00C04F79EFBC}") = "TempAtlas.Android", "TempAtlas.Android\TempAtlas.Android.csproj", "{DDDF4038-6B14-4B1B-848A-905D45E0BD85}"
EndProject
Global
	GlobalSection(SolutionConfigurationPlatforms) = preSolution
		Debug|Any CPU = Debug|Any CPU
		Release|Any CPU = Release|Any CPU
		Debug|iPhoneSimulator = Debug|iPhoneSimulator
		Release|iPhoneSimulator = Release|iPhoneSimulator
		Debug|iPhone = Debug|iPhone
		Release|iPhone = Release|iPhone
	EndGlobalSection
	GlobalSection(ProjectConfigurationPlatforms) = postSolution
		{C7B018B8-44E8-4271-AB01-331A4320FC99}.Debug|Any CPU.ActiveCfg = Debug|iPhoneSimulator
		{C7B018B8-44E8-4271-AB01-331A4320FC99}.Debug|Any CPU.Build.0 = Debug|iPhoneSimulator
		{C7B018B8-44E8-4271-AB01-331A4320FC99}.Release|Any CPU.ActiveCfg = Release|iPhoneSimulator
		{C7B018B8-44E8-4271-AB01-331A4320FC99}.Release|Any CPU.Build.0 = Release|iPhoneSimulator
		{C7B018B8-44E8-4271-AB01-331A4320FC99}.Debug|iPhoneSimulator.ActiveCfg = Debug|iPhoneSimulator
		{C7B018B8-44E8-4271-AB01-331A4320FC99}.Debug|iPhoneSimulator.Build.0 = Debug|iPhoneSimulator
		{C7B018B8-44E8-4271-AB01-331A4320FC99}.Release|iPhoneSimulator.ActiveCfg = Release|iPhoneSimulator
		{C7B018B8-44E8-4271-AB01-331A4320FC99}.Release|iPhoneSimulator.Build.0 = Release|iPhoneSimulator
		{C7B018B8-44E8-4271-AB01-331A4320FC99}.Debug|iPhone.ActiveCfg = Debug|iPhone
		{C7B018B8-44E8-4271-AB01-331A4320FC99}.Debug|iPhone.Build.0 = Debug|iPhone
		{C7B018B8-44E8-4271-AB01-331A4320FC99}.Release|iPhone.ActiveCfg = Release|iPhone
		{C7B018B8-44E8-4271-AB01-331A4320FC99}.Release|iPhone.Build.0 = Release|iPhone
		{5F982793-CC41-429F-A27B-520DE23755D6}.Debug|Any CPU.ActiveCfg = Debug|Any CPU
		{5F982793-CC41-429F-A27B-520DE23755D6}.Debug|Any CPU.Build.0 = Debug|Any CPU
		{5F982793-CC41-429F-A27B-520DE23755D6}.Release|Any CPU.ActiveCfg = Release|Any CPU
		{5F982793-CC41-429F-A27B-520DE23755D6}.Release|Any CPU.Build.0 = Release|Any CPU
		{5F982793-CC41-429F-A27B-520DE23755D6}.Debug|iPhoneSimulator.ActiveCfg = Debug|Any CPU
		{5F982793-CC41-429F-A27B-520DE23755D6}.Debug|iPhoneSimulator.Build.0 = Debug|Any CPU
		{5F982793-CC41-429F-A27B-520DE23755D6}.Release|iPhoneSimulator.ActiveCfg = Release|Any CPU
		{5F982793-CC41-429F-A27B-520DE23755D6}.Release|iPhoneSimulator.Build.0 = Release|Any CPU
		{5F982793-CC41-429F-A27B-520DE23755D6}.Debug|iPhone.ActiveCfg = Debug|Any CPU
		{5F982793-CC41-429F-A27B-520DE23755D6}.Debug|iPhone.Build.0 = Debug|Any CPU
		{5F982793-CC41-429F-A27B-520DE23755D6}.Release|iPhone.ActiveCfg = Release|Any CPU
		{5F982793-CC41-429F-A27B-520DE23755D6}.Release|iPhone.Build.0 = Release|Any CPU
		{DDDF4038-6B14-4B1B-848A-905D45E0BD85}.Debug|Any CPU.ActiveCfg = Debug|Any CPU
		{DDDF4038-6B14-4B1B-848A-905D45E0BD85}.Debug|Any CPU.Build.0 = Debug|Any CPU
		{DDDF4038-6B14-4B1B-848A-905D45E0BD85}.Release|Any CPU.ActiveCfg = Release|Any CPU
		{DDDF4038-6B14-4B1B-848A-905D45E0BD85}.Release|Any CPU.Build.0 = Release|Any CPU
		{DDDF4038-6B14-4B1B-848A-905D45E0BD85}.Debug|iPhoneSimulator.ActiveCfg = Debug|Any CPU
		{DDDF4038-6B14-4B1B-848A-905D45E0BD85}.Debug|iPhoneSimulator.Build.0 = Debug|Any CPU
		{DDDF4038-6B14-4B1B-848A-905D45E0BD85}.Release|iPhoneSimulator.ActiveCfg = Release|Any CPU
		{DDDF4038-6B14-4B1B-848A-905D45E0BD85}.Release|iPhoneSimulator.Build.0 = Release|Any CPU
		{DDDF4038-6B14-4B1B-848A-905D45E0BD85}.Debug|iPhone.ActiveCfg = Debug|Any CPU
		{DDDF4038-6B14-4B1B-848A-905D45E0BD85}.Debug|iPhone.Build.0 = Debug|Any CPU
		{DDDF4038-6B14-4B1B-848A-905D45E0BD85}.Release|iPhone.ActiveCfg = Release|Any CPU
		{DDDF4038-6B14-4B1B-848A-905D45E0BD85}.Release|iPhone.Build.0 = Release|Any CPU
	EndGlobalSection
EndGlobal
